
Microsoft Visual Studio Solution File, Format Version 12.00
# Visual Studio 15
VisualStudioVersion = 15.0.27428.2027
MinimumVisualStudioVersion = 10.0.40219.1
Project("{FAE04EC0-301F-11D3-BF4B-00C04F79EFBC}") = "VamBooru", "VamBooru\VamBooru.csproj", "{9413C4D7-FA78-4F21-8DE4-9AE28343041B}"
EndProject
Global
	GlobalSection(SolutionConfigurationPlatforms) = preSolution
		Debug|Any CPU = Debug|Any CPU
		Release|Any CPU = Release|Any CPU
	EndGlobalSection
	GlobalSection(ProjectConfigurationPlatforms) = postSolution
		{9413C4D7-FA78-4F21-8DE4-9AE28343041B}.Debug|Any CPU.ActiveCfg = Debug|Any CPU
		{9413C4D7-FA78-4F21-8DE4-9AE28343041B}.Debug|Any CPU.Build.0 = Debug|Any CPU
		{9413C4D7-FA78-4F21-8DE4-9AE28343041B}.Release|Any CPU.ActiveCfg = Release|Any CPU
		{9413C4D7-FA78-4F21-8DE4-9AE28343041B}.Release|Any CPU.Build.0 = Release|Any CPU
	EndGlobalSection
	GlobalSection(SolutionProperties) = preSolution
		HideSolutionNode = FALSE
	EndGlobalSection
	GlobalSection(ExtensibilityGlobals) = postSolution
		SolutionGuid = {36ABA4BF-C736-479E-81CD-FCF87A1DE263}
	EndGlobalSection
EndGlobal
